
Microsoft Visual Studio Solution File, Format Version 12.00
# Visual Studio 2013
VisualStudioVersion = 12.0.21005.1
MinimumVisualStudioVersion = 10.0.40219.1
Project("{FAE04EC0-301F-11D3-BF4B-00C04F79EFBC}") = "BulgarianStemmer", "BulgarianStemmer\BulgarianStemmer.csproj", "{0D517C19-6FB0-4EA5-B93C-0B1B469B8CF8}"
EndProject
Project("{FAE04EC0-301F-11D3-BF4B-00C04F79EFBC}") = "BulgarianStemmer.Console", "BulgarianStemmer.Console\BulgarianStemmer.Console.csproj", "{95FBFF07-44BE-4B0E-ABFF-35BC4271D3AB}"
EndProject
Global
	GlobalSection(SolutionConfigurationPlatforms) = preSolution
		Debug|Any CPU = Debug|Any CPU
		Release|Any CPU = Release|Any CPU
	EndGlobalSection
	GlobalSection(ProjectConfigurationPlatforms) = postSolution
		{0D517C19-6FB0-4EA5-B93C-0B1B469B8CF8}.Debug|Any CPU.ActiveCfg = Debug|Any CPU
		{0D517C19-6FB0-4EA5-B93C-0B1B469B8CF8}.Debug|Any CPU.Build.0 = Debug|Any CPU
		{0D517C19-6FB0-4EA5-B93C-0B1B469B8CF8}.Release|Any CPU.ActiveCfg = Release|Any CPU
		{0D517C19-6FB0-4EA5-B93C-0B1B469B8CF8}.Release|Any CPU.Build.0 = Release|Any CPU
		{95FBFF07-44BE-4B0E-ABFF-35BC4271D3AB}.Debug|Any CPU.ActiveCfg = Debug|Any CPU
		{95FBFF07-44BE-4B0E-ABFF-35BC4271D3AB}.Debug|Any CPU.Build.0 = Debug|Any CPU
		{95FBFF07-44BE-4B0E-ABFF-35BC4271D3AB}.Release|Any CPU.ActiveCfg = Release|Any CPU
		{95FBFF07-44BE-4B0E-ABFF-35BC4271D3AB}.Release|Any CPU.Build.0 = Release|Any CPU
	EndGlobalSection
	GlobalSection(SolutionProperties) = preSolution
		HideSolutionNode = FALSE
	EndGlobalSection
EndGlobal
